
Microsoft Visual Studio Solution File, Format Version 12.00
# Visual Studio 15
VisualStudioVersion = 15.0.27428.2037
MinimumVisualStudioVersion = 10.0.40219.1
Project("{FAE04EC0-301F-11D3-BF4B-00C04F79EFBC}") = "AdminTool.Api", "AdminTool.Api\AdminTool.Api.csproj", "{6EBAF049-DDEF-45BB-B7F1-E893D4D04511}"
EndProject
Global
	GlobalSection(SolutionConfigurationPlatforms) = preSolution
		Debug|Any CPU = Debug|Any CPU
		Release|Any CPU = Release|Any CPU
	EndGlobalSection
	GlobalSection(ProjectConfigurationPlatforms) = postSolution
		{6EBAF049-DDEF-45BB-B7F1-E893D4D04511}.Debug|Any CPU.ActiveCfg = Debug|Any CPU
		{6EBAF049-DDEF-45BB-B7F1-E893D4D04511}.Debug|Any CPU.Build.0 = Debug|Any CPU
		{6EBAF049-DDEF-45BB-B7F1-E893D4D04511}.Release|Any CPU.ActiveCfg = Release|Any CPU
		{6EBAF049-DDEF-45BB-B7F1-E893D4D04511}.Release|Any CPU.Build.0 = Release|Any CPU
	EndGlobalSection
	GlobalSection(SolutionProperties) = preSolution
		HideSolutionNode = FALSE
	EndGlobalSection
	GlobalSection(ExtensibilityGlobals) = postSolution
		SolutionGuid = {38A9B921-32B3-4CE5-B2D3-5E39D3EC2214}
	EndGlobalSection
EndGlobal
